{
  "version": 4,
  "terraform_version": "1.6.6",
  "serial": 14,
  "lineage": "913c5bd5-2d26-1ab0-bb46-33284e2fd63c",
  "outputs": {
    "api_endpoint": {
      "value": "http://13.202.22.95:5000",
      "type": "string"
    },
    "cloudwatch_log_group": {
      "value": "/aws/ec2/event-registration-logs",
      "type": "string"
    },
    "frontend_endpoint": {
      "value": "http://13.202.22.95",
      "type": "string"
    },
    "instance_id": {
      "value": "i-0dfd473132da16d54",
      "type": "string"
    },
    "key_pair_name": {
      "value": "event-registration-key",
      "type": "string"
    },
    "private_ip": {
      "value": "10.0.1.147",
      "type": "string"
    },
    "private_key_path": {
      "value": "./event-registration-key.pem",
      "type": "string",
      "sensitive": true
    },
    "public_ip": {
      "value": "13.202.22.95",
      "type": "string"
    },
    "security_group_id": {
      "value": "sg-08633f2360f5c5031",
      "type": "string"
    },
    "ssh_command": {
      "value": "ssh -i ./event-registration-key.pem ubuntu@13.202.22.95",
      "type": "string"
    },
    "vpc_id": {
      "value": "vpc-0a6558e6d6fb40482",
      "type": "string"
    }
  },
  "resources": [
    {
      "mode": "data",
      "type": "aws_ami",
      "name": "ubuntu",
      "provider": "provider[\"registry.terraform.io/hashicorp/aws\"]",
      "instances": [
        {
          "schema_version": 0,
          "attributes": {
            "architecture": "x86_64",
            "arn": "arn:aws:ec2:ap-south-1::image/ami-0ff91eb5c6fe7cc86",
            "block_device_mappings": [
              {
                "device_name": "/dev/sda1",
                "ebs": {
                  "delete_on_termination": "true",
                  "encrypted": "false",
                  "iops": "0",
                  "snapshot_id": "snap-0f09bb3a4d22a695d",
                  "throughput": "0",
                  "volume_initialization_rate": "0",
                  "volume_size": "8",
                  "volume_type": "gp2"
                },
                "no_device": "",
                "virtual_name": ""
              },
              {
                "device_name": "/dev/sdb",
                "ebs": {},
                "no_device": "",
                "virtual_name": "ephemeral0"
              },
              {
                "device_name": "/dev/sdc",
                "ebs": {},
                "no_device": "",
                "virtual_name": "ephemeral1"
              }
            ],
            "boot_mode": "uefi-preferred",
            "creation_date": "2025-12-12T06:53:59.000Z",
            "deprecation_time": "2027-12-12T06:53:59.000Z",
            "description": "Canonical, Ubuntu, 22.04, amd64 jammy image",
            "ena_support": true,
            "executable_users": null,
            "filter": [
              {
                "name": "name",
                "values": [
                  "ubuntu/images/hvm-ssd/ubuntu-jammy-22.04-amd64-server-*"
                ]
              },
              {
                "name": "virtualization-type",
                "values": [
                  "hvm"
                ]
              }
            ],
            "hypervisor": "xen",
            "id": "ami-0ff91eb5c6fe7cc86",
            "image_id": "ami-0ff91eb5c6fe7cc86",
            "image_location": "amazon/ubuntu/images/hvm-ssd/ubuntu-jammy-22.04-amd64-server-20251212",
            "image_owner_alias": "amazon",
            "image_type": "machine",
            "imds_support": "",
            "include_deprecated": false,
            "kernel_id": "",
            "last_launched_time": "",
            "most_recent": true,
            "name": "ubuntu/images/hvm-ssd/ubuntu-jammy-22.04-amd64-server-20251212",
            "name_regex": null,
            "owner_id": "099720109477",
            "owners": [
              "099720109477"
            ],
            "platform": "",
            "platform_details": "Linux/UNIX",
            "product_codes": [],
            "public": true,
            "ramdisk_id": "",
            "root_device_name": "/dev/sda1",
            "root_device_type": "ebs",
            "root_snapshot_id": "snap-0f09bb3a4d22a695d",
            "sriov_net_support": "simple",
            "state": "available",
            "state_reason": {
              "code": "UNSET",
              "message": "UNSET"
            },
            "tags": {},
            "timeouts": null,
            "tpm_support": "",
            "uefi_data": null,
            "usage_operation": "RunInstances",
            "virtualization_type": "hvm"
          },
          "sensitive_attributes": []
        }
      ]
    },
    {
      "mode": "data",
      "type": "aws_availability_zones",
      "name": "available",
      "provider": "provider[\"registry.terraform.io/hashicorp/aws\"]",
      "instances": [
        {
          "schema_version": 0,
          "attributes": {
            "all_availability_zones": null,
            "exclude_names": null,
            "exclude_zone_ids": null,
            "filter": null,
            "group_names": [
              "ap-south-1-zg-1"
            ],
            "id": "ap-south-1",
            "names": [
              "ap-south-1a",
              "ap-south-1b",
              "ap-south-1c"
            ],
            "state": "available",
            "timeouts": null,
            "zone_ids": [
              "aps1-az1",
              "aps1-az3",
              "aps1-az2"
            ]
          },
          "sensitive_attributes": []
        }
      ]
    },
    {
      "mode": "managed",
      "type": "aws_cloudwatch_log_group",
      "name": "app_logs",
      "provider": "provider[\"registry.terraform.io/hashicorp/aws\"]",
      "instances": [
        {
          "schema_version": 0,
          "attributes": {
            "arn": "arn:aws:logs:ap-south-1:199537923785:log-group:/aws/ec2/event-registration-logs",
            "id": "/aws/ec2/event-registration-logs",
            "kms_key_id": "",
            "log_group_class": "STANDARD",
            "name": "/aws/ec2/event-registration-logs",
            "name_prefix": "",
            "retention_in_days": 7,
            "skip_destroy": false,
            "tags": {
              "Name": "event-registration-logs"
            },
            "tags_all": {
              "Environment": "staging",
              "ManagedBy": "Terraform",
              "Name": "event-registration-logs",
              "Project": "Event-Registration-Management"
            }
          },
          "sensitive_attributes": [],
          "private": "bnVsbA=="
        }
      ]
    },
    {
      "mode": "managed",
      "type": "aws_cloudwatch_metric_alarm",
      "name": "cpu_high",
      "provider": "provider[\"registry.terraform.io/hashicorp/aws\"]",
      "instances": [
        {
          "schema_version": 1,
          "attributes": {
            "actions_enabled": true,
            "alarm_actions": null,
            "alarm_description": "Alert when CPU exceeds 80%",
            "alarm_name": "event-registration-cpu-high",
            "arn": "arn:aws:cloudwatch:ap-south-1:199537923785:alarm:event-registration-cpu-high",
            "comparison_operator": "GreaterThanThreshold",
            "datapoints_to_alarm": 0,
            "dimensions": {
              "InstanceId": "i-0dfd473132da16d54"
            },
            "evaluate_low_sample_count_percentiles": "",
            "evaluation_periods": 2,
            "extended_statistic": "",
            "id": "event-registration-cpu-high",
            "insufficient_data_actions": null,
            "metric_name": "CPUUtilization",
            "metric_query": [],
            "namespace": "AWS/EC2",
            "ok_actions": null,
            "period": 120,
            "statistic": "Average",
            "tags": null,
            "tags_all": {
              "Environment": "staging",
              "ManagedBy": "Terraform",
              "Project": "Event-Registration-Management"
            },
            "threshold": 80,
            "threshold_metric_id": "",
            "treat_missing_data": "missing",
            "unit": ""
          },
          "sensitive_attributes": [],
          "private": "eyJzY2hlbWFfdmVyc2lvbiI6IjEifQ==",
          "dependencies": [
            "aws_instance.app_server",
            "aws_internet_gateway.main",
            "aws_key_pair.main",
            "aws_security_group.app_sg",
            "aws_subnet.public",
            "aws_vpc.main",
            "data.aws_ami.ubuntu",
            "data.aws_availability_zones.available",
            "tls_private_key.main"
          ]
        }
      ]
    },
    {
      "mode": "managed",
      "type": "aws_eip",
      "name": "app_server",
      "provider": "provider[\"registry.terraform.io/hashicorp/aws\"]",
      "instances": [
        {
          "schema_version": 0,
          "attributes": {
            "address": null,
            "allocation_id": "eipalloc-09a1dec760d7cabee",
            "arn": "arn:aws:ec2:ap-south-1:199537923785:elastic-ip/eipalloc-09a1dec760d7cabee",
            "associate_with_private_ip": null,
            "association_id": "eipassoc-0b740969ee6a6dfa4",
            "carrier_ip": "",
            "customer_owned_ip": "",
            "customer_owned_ipv4_pool": "",
            "domain": "vpc",
            "id": "eipalloc-09a1dec760d7cabee",
            "instance": "i-0dfd473132da16d54",
            "ipam_pool_id": null,
            "network_border_group": "ap-south-1",
            "network_interface": "eni-0cfeb4d8604651caf",
            "private_dns": "ip-10-0-1-147.ap-south-1.compute.internal",
            "private_ip": "10.0.1.147",
            "ptr_record": "",
            "public_dns": "ec2-13-202-22-95.ap-south-1.compute.amazonaws.com",
            "public_ip": "13.202.22.95",
            "public_ipv4_pool": "amazon",
            "tags": {
              "Name": "event-registration-eip"
            },
            "tags_all": {
              "Environment": "staging",
              "ManagedBy": "Terraform",
              "Name": "event-registration-eip",
              "Project": "Event-Registration-Management"
            },
            "timeouts": null,
            "vpc": true
          },
          "sensitive_attributes": [],
          "private": "eyJlMmJmYjczMC1lY2FhLTExZTYtOGY4OC0zNDM2M2JjN2M0YzAiOnsiZGVsZXRlIjoxODAwMDAwMDAwMDAsInJlYWQiOjkwMDAwMDAwMDAwMCwidXBkYXRlIjozMDAwMDAwMDAwMDB9fQ==",
          "dependencies": [
            "aws_instance.app_server",
            "aws_internet_gateway.main",
            "aws_key_pair.main",
            "aws_security_group.app_sg",
            "aws_subnet.public",
            "aws_vpc.main",
            "data.aws_ami.ubuntu",
            "data.aws_availability_zones.available",
            "tls_private_key.main"
          ]
        }
      ]
    },
    {
      "mode": "managed",
      "type": "aws_instance",
      "name": "app_server",
      "provider": "provider[\"registry.terraform.io/hashicorp/aws\"]",
      "instances": [
        {
          "schema_version": 1,
          "attributes": {
            "ami": "ami-0ff91eb5c6fe7cc86",
            "arn": "arn:aws:ec2:ap-south-1:199537923785:instance/i-0dfd473132da16d54",
            "associate_public_ip_address": true,
            "availability_zone": "ap-south-1a",
            "capacity_reservation_specification": [
              {
                "capacity_reservation_preference": "open",
                "capacity_reservation_target": []
              }
            ],
            "cpu_core_count": 1,
            "cpu_options": [
              {
                "amd_sev_snp": "",
                "core_count": 1,
                "threads_per_core": 2
              }
            ],
            "cpu_threads_per_core": 2,
            "credit_specification": [
              {
                "cpu_credits": "unlimited"
              }
            ],
            "disable_api_stop": false,
            "disable_api_termination": false,
            "ebs_block_device": [],
            "ebs_optimized": false,
            "enable_primary_ipv6": null,
            "enclave_options": [
              {
                "enabled": false
              }
            ],
            "ephemeral_block_device": [],
            "get_password_data": false,
            "hibernation": false,
            "host_id": "",
            "host_resource_group_arn": null,
            "iam_instance_profile": "",
            "id": "i-0dfd473132da16d54",
            "instance_initiated_shutdown_behavior": "stop",
            "instance_lifecycle": "",
            "instance_market_options": [],
            "instance_state": "running",
            "instance_type": "t3.micro",
            "ipv6_address_count": 0,
            "ipv6_addresses": [],
            "key_name": "event-registration-key",
            "launch_template": [],
            "maintenance_options": [
              {
                "auto_recovery": "default"
              }
            ],
            "metadata_options": [
              {
                "http_endpoint": "enabled",
                "http_protocol_ipv6": "disabled",
                "http_put_response_hop_limit": 1,
                "http_tokens": "optional",
                "instance_metadata_tags": "disabled"
              }
            ],
            "monitoring": true,
            "network_interface": [],
            "outpost_arn": "",
            "password_data": "",
            "placement_group": "",
            "placement_partition_number": 0,
            "primary_network_interface_id": "eni-0cfeb4d8604651caf",
            "private_dns": "ip-10-0-1-147.ap-south-1.compute.internal",
            "private_dns_name_options": [
              {
                "enable_resource_name_dns_a_record": false,
                "enable_resource_name_dns_aaaa_record": false,
                "hostname_type": "ip-name"
              }
            ],
            "private_ip": "10.0.1.147",
            "public_dns": "ec2-3-110-143-74.ap-south-1.compute.amazonaws.com",
            "public_ip": "3.110.143.74",
            "root_block_device": [
              {
                "delete_on_termination": true,
                "device_name": "/dev/sda1",
                "encrypted": false,
                "iops": 3000,
                "kms_key_id": "",
                "tags": null,
                "tags_all": {
                  "Environment": "staging",
                  "ManagedBy": "Terraform",
                  "Project": "Event-Registration-Management"
                },
                "throughput": 125,
                "volume_id": "vol-0471d483aad794a27",
                "volume_size": 30,
                "volume_type": "gp3"
              }
            ],
            "secondary_private_ips": [],
            "security_groups": [],
            "source_dest_check": true,
            "spot_instance_request_id": "",
            "subnet_id": "subnet-0cc0f8627e0573055",
            "tags": {
              "Name": "event-registration-server"
            },
            "tags_all": {
              "Environment": "staging",
              "ManagedBy": "Terraform",
              "Name": "event-registration-server",
              "Project": "Event-Registration-Management"
            },
            "tenancy": "default",
            "timeouts": null,
            "user_data": "94fb86d7ab44956470709181642f0db1f77b4b1a",
            "user_data_base64": null,
            "user_data_replace_on_change": false,
            "volume_tags": null,
            "vpc_security_group_ids": [
              "sg-08633f2360f5c5031"
            ]
          },
          "sensitive_attributes": [],
          "private": "eyJlMmJmYjczMC1lY2FhLTExZTYtOGY4OC0zNDM2M2JjN2M0YzAiOnsiY3JlYXRlIjo2MDAwMDAwMDAwMDAsImRlbGV0ZSI6MTIwMDAwMDAwMDAwMCwicmVhZCI6OTAwMDAwMDAwMDAwLCJ1cGRhdGUiOjYwMDAwMDAwMDAwMH0sInNjaGVtYV92ZXJzaW9uIjoiMSJ9",
          "dependencies": [
            "aws_internet_gateway.main",
            "aws_key_pair.main",
            "aws_security_group.app_sg",
            "aws_subnet.public",
            "aws_vpc.main",
            "data.aws_ami.ubuntu",
            "data.aws_availability_zones.available",
            "tls_private_key.main"
          ]
        }
      ]
    },
    {
      "mode": "managed",
      "type": "aws_internet_gateway",
      "name": "main",
      "provider": "provider[\"registry.terraform.io/hashicorp/aws\"]",
      "instances": [
        {
          "schema_version": 0,
          "attributes": {
            "arn": "arn:aws:ec2:ap-south-1:199537923785:internet-gateway/igw-05bc684bcbf777e93",
            "id": "igw-05bc684bcbf777e93",
            "owner_id": "199537923785",
            "tags": {
              "Name": "event-registration-igw"
            },
            "tags_all": {
              "Environment": "staging",
              "ManagedBy": "Terraform",
              "Name": "event-registration-igw",
              "Project": "Event-Registration-Management"
            },
            "timeouts": null,
            "vpc_id": "vpc-0a6558e6d6fb40482"
          },
          "sensitive_attributes": [],
          "private": "eyJlMmJmYjczMC1lY2FhLTExZTYtOGY4OC0zNDM2M2JjN2M0YzAiOnsiY3JlYXRlIjoxMjAwMDAwMDAwMDAwLCJkZWxldGUiOjEyMDAwMDAwMDAwMDAsInVwZGF0ZSI6MTIwMDAwMDAwMDAwMH19",
          "dependencies": [
            "aws_vpc.main"
          ]
        }
      ]
    },
    {
      "mode": "managed",
      "type": "aws_key_pair",
      "name": "main",
      "provider": "provider[\"registry.terraform.io/hashicorp/aws\"]",
      "instances": [
        {
          "schema_version": 1,
          "attributes": {
            "arn": "arn:aws:ec2:ap-south-1:199537923785:key-pair/event-registration-key",
            "fingerprint": "71:c2:9f:28:81:22:06:af:bf:c5:56:d1:04:9b:90:12",
            "id": "event-registration-key",
            "key_name": "event-registration-key",
            "key_name_prefix": "",
            "key_pair_id": "key-0219aa2458ac901a7",
            "key_type": "rsa",
            "public_key": "ssh-rsa AAAAB3NzaC1yc2EAAAADAQABAAACAQCxwHQ89WPtX/nwtmxf1JSsJdTpX8ZcWkTnnZTVK2MjmvIjrt5yz9LaSxzeD/dv69/5RvhLie+hUTNYOr1o2tRz8c7ZXaNm8llEr9/LmyPE2PtzRbBkZcuR6vF6gN7azG70heYbXCR5+aU9yxh7KgtPEqOWx/O3Gq/FWlia3lBbm09S1vzw6+YgEDEkLO3AvOTqtwBEpeF4TbgbpAtLzUDZn8E53IFcx7DGDAEC4ZyNGNRYFgk385ZxDmsQT/iyWqD4G0E1edU3c9Mg+KaoARz9EO7egU6QDTHvRwXBm/FB+cNPuVXeWYH7S/ewlqznexe3074K79WD5ddEYCwte9+c5bU1gf+zUFDjXWD0+iIWEposzLByCZveqaodAVqS5pZjyg39CT9Xo3BpR09SkZO4/7FsvSCQ9Xgt2UGvc/ifufWdEh0sgq8sWEELWM5r8EtzodzhNNgLVrxDD+xidJArCNUwEMBmu2LT68VCiMsl8QCotCAWQ9wcGZnj/7e0Sk90TqlceQ8lBZKLnPooUTAagUPrT3aixvahKyZqHGDeSQfPBQU5ISP9fxrt0Ea5jx0eiZ+ichJd2zs/SesnhZ9kwpktSWPra6kzl/A+YBdSJRk5tsDj/ZP6Phb/X6k1DKLymLLGxBr+ITfc2JgX3fCxGnydKLcPQCR1HBIyW3v8Zw==",
            "tags": {
              "Name": "event-registration-key"
            },
            "tags_all": {
              "Environment": "staging",
              "ManagedBy": "Terraform",
              "Name": "event-registration-key",
              "Project": "Event-Registration-Management"
            }
          },
          "sensitive_attributes": [],
          "private": "eyJzY2hlbWFfdmVyc2lvbiI6IjEifQ==",
          "dependencies": [
            "tls_private_key.main"
          ]
        }
      ]
    },
    {
      "mode": "managed",
      "type": "aws_route_table",
      "name": "main",
      "provider": "provider[\"registry.terraform.io/hashicorp/aws\"]",
      "instances": [
        {
          "schema_version": 0,
          "attributes": {
            "arn": "arn:aws:ec2:ap-south-1:199537923785:route-table/rtb-0250e10aafd285deb",
            "id": "rtb-0250e10aafd285deb",
            "owner_id": "199537923785",
            "propagating_vgws": [],
            "route": [
              {
                "carrier_gateway_id": "",
                "cidr_block": "0.0.0.0/0",
                "core_network_arn": "",
                "destination_prefix_list_id": "",
                "egress_only_gateway_id": "",
                "gateway_id": "igw-05bc684bcbf777e93",
                "ipv6_cidr_block": "",
                "local_gateway_id": "",
                "nat_gateway_id": "",
                "network_interface_id": "",
                "transit_gateway_id": "",
                "vpc_endpoint_id": "",
                "vpc_peering_connection_id": ""
              }
            ],
            "tags": {
              "Name": "event-registration-rt"
            },
            "tags_all": {
              "Environment": "staging",
              "ManagedBy": "Terraform",
              "Name": "event-registration-rt",
              "Project": "Event-Registration-Management"
            },
            "timeouts": null,
            "vpc_id": "vpc-0a6558e6d6fb40482"
          },
          "sensitive_attributes": [],
          "private": "eyJlMmJmYjczMC1lY2FhLTExZTYtOGY4OC0zNDM2M2JjN2M0YzAiOnsiY3JlYXRlIjozMDAwMDAwMDAwMDAsImRlbGV0ZSI6MzAwMDAwMDAwMDAwLCJ1cGRhdGUiOjEyMDAwMDAwMDAwMH19",
          "dependencies": [
            "aws_internet_gateway.main",
            "aws_vpc.main"
          ]
        }
      ]
    },
    {
      "mode": "managed",
      "type": "aws_route_table_association",
      "name": "main",
      "provider": "provider[\"registry.terraform.io/hashicorp/aws\"]",
      "instances": [
        {
          "schema_version": 0,
          "attributes": {
            "gateway_id": "",
            "id": "rtbassoc-0b9ffb1b62e377f12",
            "route_table_id": "rtb-0250e10aafd285deb",
            "subnet_id": "subnet-0cc0f8627e0573055",
            "timeouts": null
          },
          "sensitive_attributes": [],
          "private": "eyJlMmJmYjczMC1lY2FhLTExZTYtOGY4OC0zNDM2M2JjN2M0YzAiOnsiY3JlYXRlIjozMDAwMDAwMDAwMDAsImRlbGV0ZSI6MzAwMDAwMDAwMDAwLCJ1cGRhdGUiOjEyMDAwMDAwMDAwMH19",
          "dependencies": [
            "aws_internet_gateway.main",
            "aws_route_table.main",
            "aws_subnet.public",
            "aws_vpc.main",
            "data.aws_availability_zones.available"
          ]
        }
      ]
    },
    {
      "mode": "managed",
      "type": "aws_security_group",
      "name": "app_sg",
      "provider": "provider[\"registry.terraform.io/hashicorp/aws\"]",
      "instances": [
        {
          "schema_version": 1,
          "attributes": {
            "arn": "arn:aws:ec2:ap-south-1:199537923785:security-group/sg-08633f2360f5c5031",
            "description": "Security group for Event Registration app",
            "egress": [
              {
                "cidr_blocks": [
                  "0.0.0.0/0"
                ],
                "description": "",
                "from_port": 0,
                "ipv6_cidr_blocks": [],
                "prefix_list_ids": [],
                "protocol": "-1",
                "security_groups": [],
                "self": false,
                "to_port": 0
              }
            ],
            "id": "sg-08633f2360f5c5031",
            "ingress": [
              {
                "cidr_blocks": [
                  "0.0.0.0/0"
                ],
                "description": "",
                "from_port": 22,
                "ipv6_cidr_blocks": [],
                "prefix_list_ids": [],
                "protocol": "tcp",
                "security_groups": [],
                "self": false,
                "to_port": 22
              },
              {
                "cidr_blocks": [
                  "0.0.0.0/0"
                ],
                "description": "",
                "from_port": 443,
                "ipv6_cidr_blocks": [],
                "prefix_list_ids": [],
                "protocol": "tcp",
                "security_groups": [],
                "self": false,
                "to_port": 443
              },
              {
                "cidr_blocks": [
                  "0.0.0.0/0"
                ],
                "description": "",
                "from_port": 5000,
                "ipv6_cidr_blocks": [],
                "prefix_list_ids": [],
                "protocol": "tcp",
                "security_groups": [],
                "self": false,
                "to_port": 5000
              },
              {
                "cidr_blocks": [
                  "0.0.0.0/0"
                ],
                "description": "",
                "from_port": 5173,
                "ipv6_cidr_blocks": [],
                "prefix_list_ids": [],
                "protocol": "tcp",
                "security_groups": [],
                "self": false,
                "to_port": 5173
              },
              {
                "cidr_blocks": [
                  "0.0.0.0/0"
                ],
                "description": "",
                "from_port": 80,
                "ipv6_cidr_blocks": [],
                "prefix_list_ids": [],
                "protocol": "tcp",
                "security_groups": [],
                "self": false,
                "to_port": 80
              }
            ],
            "name": "event-registration-sg",
            "name_prefix": "",
            "owner_id": "199537923785",
            "revoke_rules_on_delete": false,
            "tags": {
              "Name": "event-registration-sg"
            },
            "tags_all": {
              "Environment": "staging",
              "ManagedBy": "Terraform",
              "Name": "event-registration-sg",
              "Project": "Event-Registration-Management"
            },
            "timeouts": null,
            "vpc_id": "vpc-0a6558e6d6fb40482"
          },
          "sensitive_attributes": [],
          "private": "eyJlMmJmYjczMC1lY2FhLTExZTYtOGY4OC0zNDM2M2JjN2M0YzAiOnsiY3JlYXRlIjo2MDAwMDAwMDAwMDAsImRlbGV0ZSI6OTAwMDAwMDAwMDAwfSwic2NoZW1hX3ZlcnNpb24iOiIxIn0=",
          "dependencies": [
            "aws_vpc.main"
          ]
        }
      ]
    },
    {
      "mode": "managed",
      "type": "aws_subnet",
      "name": "public",
      "provider": "provider[\"registry.terraform.io/hashicorp/aws\"]",
      "instances": [
        {
          "schema_version": 1,
          "attributes": {
            "arn": "arn:aws:ec2:ap-south-1:199537923785:subnet/subnet-0cc0f8627e0573055",
            "assign_ipv6_address_on_creation": false,
            "availability_zone": "ap-south-1a",
            "availability_zone_id": "aps1-az1",
            "cidr_block": "10.0.1.0/24",
            "customer_owned_ipv4_pool": "",
            "enable_dns64": false,
            "enable_lni_at_device_index": 0,
            "enable_resource_name_dns_a_record_on_launch": false,
            "enable_resource_name_dns_aaaa_record_on_launch": false,
            "id": "subnet-0cc0f8627e0573055",
            "ipv6_cidr_block": "",
            "ipv6_cidr_block_association_id": "",
            "ipv6_native": false,
            "map_customer_owned_ip_on_launch": false,
            "map_public_ip_on_launch": true,
            "outpost_arn": "",
            "owner_id": "199537923785",
            "private_dns_hostname_type_on_launch": "ip-name",
            "tags": {
              "Name": "event-registration-public-subnet"
            },
            "tags_all": {
              "Environment": "staging",
              "ManagedBy": "Terraform",
              "Name": "event-registration-public-subnet",
              "Project": "Event-Registration-Management"
            },
            "timeouts": null,
            "vpc_id": "vpc-0a6558e6d6fb40482"
          },
          "sensitive_attributes": [],
          "private": "eyJlMmJmYjczMC1lY2FhLTExZTYtOGY4OC0zNDM2M2JjN2M0YzAiOnsiY3JlYXRlIjo2MDAwMDAwMDAwMDAsImRlbGV0ZSI6MTIwMDAwMDAwMDAwMH0sInNjaGVtYV92ZXJzaW9uIjoiMSJ9",
          "dependencies": [
            "aws_vpc.main",
            "data.aws_availability_zones.available"
          ]
        }
      ]
    },
    {
      "mode": "managed",
      "type": "aws_vpc",
      "name": "main",
      "provider": "provider[\"registry.terraform.io/hashicorp/aws\"]",
      "instances": [
        {
          "schema_version": 1,
          "attributes": {
            "arn": "arn:aws:ec2:ap-south-1:199537923785:vpc/vpc-0a6558e6d6fb40482",
            "assign_generated_ipv6_cidr_block": false,
            "cidr_block": "10.0.0.0/16",
            "default_network_acl_id": "acl-0d4e459bf397ac470",
            "default_route_table_id": "rtb-0ad0aebb5f3092a06",
            "default_security_group_id": "sg-0047d8bb36f196a3e",
            "dhcp_options_id": "dopt-005c7b3d92e74ba86",
            "enable_dns_hostnames": true,
            "enable_dns_support": true,
            "enable_network_address_usage_metrics": false,
            "id": "vpc-0a6558e6d6fb40482",
            "instance_tenancy": "default",
            "ipv4_ipam_pool_id": null,
            "ipv4_netmask_length": null,
            "ipv6_association_id": "",
            "ipv6_cidr_block": "",
            "ipv6_cidr_block_network_border_group": "",
            "ipv6_ipam_pool_id": "",
            "ipv6_netmask_length": 0,
            "main_route_table_id": "rtb-0ad0aebb5f3092a06",
            "owner_id": "199537923785",
            "tags": {
              "Name": "event-registration-vpc"
            },
            "tags_all": {
              "Environment": "staging",
              "ManagedBy": "Terraform",
              "Name": "event-registration-vpc",
              "Project": "Event-Registration-Management"
            }
          },
          "sensitive_attributes": [],
          "private": "eyJzY2hlbWFfdmVyc2lvbiI6IjEifQ=="
        }
      ]
    },
    {
      "mode": "managed",
      "type": "local_sensitive_file",
      "name": "private_key",
      "provider": "provider[\"registry.terraform.io/hashicorp/local\"]",
      "instances": [
        {
          "schema_version": 0,
          "attributes": {
            "content": "-----BEGIN RSA PRIVATE KEY-----\nMIIJKAIBAAKCAgEAscB0PPVj7V/58LZsX9SUrCXU6V/GXFpE552U1StjI5ryI67e\ncs/S2ksc3g/3b+vf+Ub4S4nvoVEzWDq9aNrUc/HO2V2jZvJZRK/fy5sjxNj7c0Ww\nZGXLkerxeoDe2sxu9IXmG1wkefmlPcsYeyoLTxKjlsfztxqvxVpYmt5QW5tPUtb8\n8OvmIBAxJCztwLzk6rcARKXheE24G6QLS81A2Z/BOdyBXMewxgwBAuGcjRjUWBYJ\nN/OWcQ5rEE/4slqg+BtBNXnVN3PTIPimqAEc/RDu3oFOkA0x70cFwZvxQfnDT7lV\n3lmB+0v3sJas53sXt9O+Cu/Vg+XXRGAsLXvfnOW1NYH/s1BQ411g9PoiFhKaLMyw\ncgmb3qmqHQFakuaWY8oN/Qk/V6NwaUdPUpGTuP+xbL0gkPV4LdlBr3P4n7n1nRId\nLIKvLFhBC1jOa/BLc6Hc4TTYC1a8Qw/sYnSQKwjVMBDAZrti0+vFQojLJfEAqLQg\nFkPcHBmZ4/+3tEpPdE6pXHkPJQWSi5z6KFEwGoFD6092osb2oSsmahxg3kkHzwUF\nOSEj/X8a7dBGuY8dHomfonISXds7P0nrJ4WfZMKZLUlj62upM5fwPmAXUiUZObbA\n4/2T+j4W/1+pNQyi8piyxsQa/iE33NiYF93wsRp8nSi3D0AkdRwSMlt7/GcCAwEA\nAQKCAgAOncGxJYiDA2pdBdMhiixzf2Tjj9GS1IVn+kg7wyaSzfHtRzrZfAddleGY\nzP1OwbmYGOLf60a+IBw1vBbJIX1oz1BwBUgjdfgrMr8XUfl9/U2n6+oWR1yW8hfL\nN/+bREY3ay9BvrDtKr8QtrubnRhy9xhmlKiQvOwJMWWpznATKFE8gZspAGza5Bn2\nXI9sUtwMBOJLwswohVOHSlT3dbhIbN+Jr30fsPfzQRdwMjcaTxle6Oj3JduQDlx1\nae4MVHF6FVumVw9WUPrici/aDsVgddz+hOl95OffQhrSEc2j3DLYQmgyMXADxvpm\nFe2/1xpbLlkpMxF+mA68e6AGWXJIpEJ1UHWHKwpWYKRry6JLTc9TzKlkA7CKuBQn\nC/xdfce5a8ZVxFMSi1zgqkM7IR/DAhwrTMuecxD9kxcAgVuCaPcO4Oi4rcWlxD80\nfx3Jrj/5mxnyv/scbwmyVctGyKcwY4S9nEfVXX+Te3GbeF62Z/r7KOnp/CKu6UZs\n5BBtj4gz5mg42X/Gu93ZWfKpOPH629hay0d1DONziNFPNUtT2mhuewK4GnQ6OiIn\nE5VLAZUYyexSp7nSyRg1s/cs9/EvjuGgaaoS/PnqboapsLp2B5tVezWKsW12LkA/\nwd8x4oa12Ay7kzmdMrl17VGJxdf/UEG+VuG3XehXeIsM+f10AQKCAQEAwH6Af6jF\n4hsvm5Mt5YL0EJcgwKynITFxhC80cPhFuPC6nB815dzMt+BdvFefPbe6riJ0AGQw\nzb/t+7O4Ltdav8xzQBq7y0a4E7wFBGeeNezy4p7Df9NKRbVP0NTHt/CaVv1KcsLm\nQoXlQCvt0DpeWOHur0Hc+5p2CmSNWpkz1/6OtorQQyB58xDN0FYhrAgTZkvbLT74\nVntCd8ciBMu2ZOTeRsvvWmDSZ2UmaL+h8nRQkG3K376lFexR57z0Y1WuyFII5qd7\ngUaQV0BQOLtx9q7EykJ9HIDJRreFY6q8km6NNnJ/rVbD90BQx9TWkSDeyDTC9fjN\nS+GWNPkVKbziZwKCAQEA7GTalsAGP4lienZNOs+K5GMGKCz+flwn2xg8f093l7a0\njoUyqAYzZZSy/Qew1yqC9NJoeABLgXtRlKff+dXL3dN5J2S++tk0GDMXmx8tTfsh\ni4gidfy0zaj4HbcYlCaqRA4X0/s9DEVxQiKrasrjTcHxvxS3Qs8pUL+FLQNxMxlk\nNhzHIQxY6DNNOWCP2xyKgpzrbioosGYRZgr14Zeqop1dLJEF4n01t2asrA8FbHw6\nYILPKTmeH/JNwttzWp7csLuPlrri02XZPnM1rSvD9eqGGDJOCTVpsy8d6l9LsbVy\ngZ+7PRfo0hm4HMJZIQYcgsecORsp+37l5CzyM3vWAQKCAQBcyFzdq5b+HkZ7QZzc\nxJspp/60gEPqnu9tXGd1kGXi972q5OxQyHWwp6fm0YFC+V009Axf5+sSMVHfgcfk\nZA8s5bojiv87wvGVKYptjhhXO8fy7b2jzk89fGBlczp08bci+OG6oTDlna5bmRD+\nzjONuhEXTrLaX6BH8CGmKrQvh1Z4rD4oLO46972MjweZ6SaYpzWVAIYpAS6Pl19R\nWnOm/B4bl87eDE8+YSX7VWsU93WhuBoScM0X3Rm5jn1pp/IgQlJiAxZnwIBwXeKN\nBeSvl5vpNdUiOP1LZcgYu0I7fqf4N4ZNIcZBVjHZsEBgIazgaXYTo4Io8io5jFnk\nDVQ/AoIBAQC4zXddVq0LyrlkB0wE5+8q8IcFrXcfDahSzbWtyVAzGLA6osKhPIe9\np+vth6+l5iQOhNcKySA+D0wNrNeaFpuTxRj3xPjQXjEtofOYX10pk2P8Eubt2ir2\nhFvDzzm1yCxfm6zhGY32I+uQyk275PSh+zakLOu/nPgtmivgrso2Kml/LCw4F9EB\nZem/K1AK+VsHFOmwa+D3VjPP1E24mLra+a63goBZOY1e3TOsJuoUj2GLxXdyQQru\n6pwD809QztS0jUyJh3x/yyV0fti9knNVsow2Kk17QXhqjjES4oDoYnMsBtV3w1NN\nvLGEOiM3f/GWA7qLokLFy8SpBsIpoWwBAoIBAFNqH+HZomIAEWXHxHCpnxyK962Y\nPvVfSs24YXd9pAvjhDMrWm58GdMfmMMnUyOTLvB5WKua++fwXU8H028vSL3A1hD7\nyRi57l8Yg7Rg7VwpRhszJWeF00nV91iNxztxupcdfbQSxKCV98FfTTKHO0JKL8gs\nFwSrQaD4qJQb7FG3+5XAKMmlZkyRjG/7y2A3VvaMRC1wJszBLvLfFGHG6Q8WKM0a\nYK9nSX2f2FHA/BrN8bjxSF8Fd7yf24cQlIkGfmt21jQYa3dU5ChSKdpFOxv8/eE1\nqitdfcHkH+9PORLm+rd6LoFUeB2TuVjXFQ/5CmGacsPWU3MjN+jnDzNvWrA=\n-----END RSA PRIVATE KEY-----\n",
            "content_base64": null,
            "content_base64sha256": "VRao3ws8rZotA6kfTkhMyMgmz5BEFYEh24JfjEF4YQ8=",
            "content_base64sha512": "URuLFtwtILpawwkZKXUi6i6rTu7nkVkR/4pbwASvWhzF+Aw43jKKoqO2xOBLZxQTqPm1yYQIhGrqSzj3KEcPEg==",
            "content_md5": "b56aaaa246d02edfc7ad3b1196026835",
            "content_sha1": "d7b46f034a7c210eb30acec594961f06e9098398",
            "content_sha256": "5516a8df0b3cad9a2d03a91f4e484cc8c826cf9044158121db825f8c4178610f",
            "content_sha512": "511b8b16dc2d20ba5ac30919297522ea2eab4eeee7915911ff8a5bc004af5a1cc5f80c38de328aa2a3b6c4e04b671413a8f9b5c98408846aea4b38f728470f12",
            "directory_permission": "0700",
            "file_permission": "0600",
            "filename": "./event-registration-key.pem",
            "id": "d7b46f034a7c210eb30acec594961f06e9098398",
            "source": null
          },
          "sensitive_attributes": [
            [
              {
                "type": "get_attr",
                "value": "content"
              }
            ]
          ],
          "dependencies": [
            "tls_private_key.main"
          ]
        }
      ]
    },
    {
      "mode": "managed",
      "type": "tls_private_key",
      "name": "main",
      "provider": "provider[\"registry.terraform.io/hashicorp/tls\"]",
      "instances": [
        {
          "schema_version": 1,
          "attributes": {
            "algorithm": "RSA",
            "ecdsa_curve": "P224",
            "id": "62d70f3de70dc1fd9c14e75cb9db79d50e3c9d1f",
            "private_key_openssh": "-----BEGIN OPENSSH PRIVATE KEY-----\nb3BlbnNzaC1rZXktdjEAAAAABG5vbmUAAAAEbm9uZQAAAAAAAAABAAACFwAAAAdz\nc2gtcnNhAAAAAwEAAQAAAgEAscB0PPVj7V/58LZsX9SUrCXU6V/GXFpE552U1Stj\nI5ryI67ecs/S2ksc3g/3b+vf+Ub4S4nvoVEzWDq9aNrUc/HO2V2jZvJZRK/fy5sj\nxNj7c0WwZGXLkerxeoDe2sxu9IXmG1wkefmlPcsYeyoLTxKjlsfztxqvxVpYmt5Q\nW5tPUtb88OvmIBAxJCztwLzk6rcARKXheE24G6QLS81A2Z/BOdyBXMewxgwBAuGc\njRjUWBYJN/OWcQ5rEE/4slqg+BtBNXnVN3PTIPimqAEc/RDu3oFOkA0x70cFwZvx\nQfnDT7lV3lmB+0v3sJas53sXt9O+Cu/Vg+XXRGAsLXvfnOW1NYH/s1BQ411g9Poi\nFhKaLMywcgmb3qmqHQFakuaWY8oN/Qk/V6NwaUdPUpGTuP+xbL0gkPV4LdlBr3P4\nn7n1nRIdLIKvLFhBC1jOa/BLc6Hc4TTYC1a8Qw/sYnSQKwjVMBDAZrti0+vFQojL\nJfEAqLQgFkPcHBmZ4/+3tEpPdE6pXHkPJQWSi5z6KFEwGoFD6092osb2oSsmahxg\n3kkHzwUFOSEj/X8a7dBGuY8dHomfonISXds7P0nrJ4WfZMKZLUlj62upM5fwPmAX\nUiUZObbA4/2T+j4W/1+pNQyi8piyxsQa/iE33NiYF93wsRp8nSi3D0AkdRwSMlt7\n/GcAAAc49U+CYfVPgmEAAAAHc3NoLXJzYQAAAgEAscB0PPVj7V/58LZsX9SUrCXU\n6V/GXFpE552U1StjI5ryI67ecs/S2ksc3g/3b+vf+Ub4S4nvoVEzWDq9aNrUc/HO\n2V2jZvJZRK/fy5sjxNj7c0WwZGXLkerxeoDe2sxu9IXmG1wkefmlPcsYeyoLTxKj\nlsfztxqvxVpYmt5QW5tPUtb88OvmIBAxJCztwLzk6rcARKXheE24G6QLS81A2Z/B\nOdyBXMewxgwBAuGcjRjUWBYJN/OWcQ5rEE/4slqg+BtBNXnVN3PTIPimqAEc/RDu\n3oFOkA0x70cFwZvxQfnDT7lV3lmB+0v3sJas53sXt9O+Cu/Vg+XXRGAsLXvfnOW1\nNYH/s1BQ411g9PoiFhKaLMywcgmb3qmqHQFakuaWY8oN/Qk/V6NwaUdPUpGTuP+x\nbL0gkPV4LdlBr3P4n7n1nRIdLIKvLFhBC1jOa/BLc6Hc4TTYC1a8Qw/sYnSQKwjV\nMBDAZrti0+vFQojLJfEAqLQgFkPcHBmZ4/+3tEpPdE6pXHkPJQWSi5z6KFEwGoFD\n6092osb2oSsmahxg3kkHzwUFOSEj/X8a7dBGuY8dHomfonISXds7P0nrJ4WfZMKZ\nLUlj62upM5fwPmAXUiUZObbA4/2T+j4W/1+pNQyi8piyxsQa/iE33NiYF93wsRp8\nnSi3D0AkdRwSMlt7/GcAAAADAQABAAACAA6dwbEliIMDal0F0yGKLHN/ZOOP0ZLU\nhWf6SDvDJpLN8e1HOtl8B12V4ZjM/U7BuZgY4t/rRr4gHDW8FskhfWjPUHAFSCN1\n+CsyvxdR+X39Tafr6hZHXJbyF8s3/5tERjdrL0G+sO0qvxC2u5udGHL3GGaUqJC8\n7AkxZanOcBMoUTyBmykAbNrkGfZcj2xS3AwE4kvCzCiFU4dKVPd1uEhs34mvfR+w\n9/NBF3AyNxpPGV7o6Pcl25AOXHVp7gxUcXoVW6ZXD1ZQ+uJyL9oOxWB13P6E6X3k\n599CGtIRzaPcMthCaDIxcAPG+mYV7b/XGlsuWSkzEX6YDrx7oAZZckikQnVQdYcr\nClZgpGvLoktNz1PMqWQDsIq4FCcL/F19x7lrxlXEUxKLXOCqQzshH8MCHCtMy55z\nEP2TFwCBW4Jo9w7g6LitxaXEPzR/HcmuP/mbGfK/+xxvCbJVy0bIpzBjhL2cR9Vd\nf5N7cZt4XrZn+vso6en8Iq7pRmzkEG2PiDPmaDjZf8a73dlZ8qk48frb2FrLR3UM\n43OI0U81S1PaaG57ArgadDo6IicTlUsBlRjJ7FKnudLJGDWz9yz38S+O4aBpqhL8\n+epuhqmwunYHm1V7NYqxbXYuQD/B3zHihrXYDLuTOZ0yuXXtUYnF1/9QQb5W4bdd\n6Fd4iwz5/XQBAAABAFNqH+HZomIAEWXHxHCpnxyK962YPvVfSs24YXd9pAvjhDMr\nWm58GdMfmMMnUyOTLvB5WKua++fwXU8H028vSL3A1hD7yRi57l8Yg7Rg7VwpRhsz\nJWeF00nV91iNxztxupcdfbQSxKCV98FfTTKHO0JKL8gsFwSrQaD4qJQb7FG3+5XA\nKMmlZkyRjG/7y2A3VvaMRC1wJszBLvLfFGHG6Q8WKM0aYK9nSX2f2FHA/BrN8bjx\nSF8Fd7yf24cQlIkGfmt21jQYa3dU5ChSKdpFOxv8/eE1qitdfcHkH+9PORLm+rd6\nLoFUeB2TuVjXFQ/5CmGacsPWU3MjN+jnDzNvWrAAAAEBAMB+gH+oxeIbL5uTLeWC\n9BCXIMCspyExcYQvNHD4RbjwupwfNeXczLfgXbxXnz23uq4idABkMM2/7fuzuC7X\nWr/Mc0Aau8tGuBO8BQRnnjXs8uKew3/TSkW1T9DUx7fwmlb9SnLC5kKF5UAr7dA6\nXljh7q9B3PuadgpkjVqZM9f+jraK0EMgefMQzdBWIawIE2ZL2y0++FZ7QnfHIgTL\ntmTk3kbL71pg0mdlJmi/ofJ0UJBtyt++pRXsUee89GNVrshSCOane4FGkFdAUDi7\ncfauxMpCfRyAyUa3hWOqvJJujTZyf61Ww/dAUMfU1pEg3sg0wvX4zUvhljT5FSm8\n4mcAAAEBAOxk2pbABj+JYnp2TTrPiuRjBigs/n5cJ9sYPH9Pd5e2tI6FMqgGM2WU\nsv0HsNcqgvTSaHgAS4F7UZSn3/nVy93TeSdkvvrZNBgzF5sfLU37IYuIInX8tM2o\n+B23GJQmqkQOF9P7PQxFcUIiq2rK403B8b8Ut0LPKVC/hS0DcTMZZDYcxyEMWOgz\nTTlgj9scioKc624qKLBmEWYK9eGXqqKdXSyRBeJ9NbdmrKwPBWx8OmCCzyk5nh/y\nTcLbc1qe3LC7j5a64tNl2T5zNa0rw/XqhhgyTgk1abMvHepfS7G1coGfuz0X6NIZ\nuBzCWSEGHILHnDkbKft+5eQs8jN71gEAAAAAAQID\n-----END OPENSSH PRIVATE KEY-----\n",
            "private_key_pem": "-----BEGIN RSA PRIVATE KEY-----\nMIIJKAIBAAKCAgEAscB0PPVj7V/58LZsX9SUrCXU6V/GXFpE552U1StjI5ryI67e\ncs/S2ksc3g/3b+vf+Ub4S4nvoVEzWDq9aNrUc/HO2V2jZvJZRK/fy5sjxNj7c0Ww\nZGXLkerxeoDe2sxu9IXmG1wkefmlPcsYeyoLTxKjlsfztxqvxVpYmt5QW5tPUtb8\n8OvmIBAxJCztwLzk6rcARKXheE24G6QLS81A2Z/BOdyBXMewxgwBAuGcjRjUWBYJ\nN/OWcQ5rEE/4slqg+BtBNXnVN3PTIPimqAEc/RDu3oFOkA0x70cFwZvxQfnDT7lV\n3lmB+0v3sJas53sXt9O+Cu/Vg+XXRGAsLXvfnOW1NYH/s1BQ411g9PoiFhKaLMyw\ncgmb3qmqHQFakuaWY8oN/Qk/V6NwaUdPUpGTuP+xbL0gkPV4LdlBr3P4n7n1nRId\nLIKvLFhBC1jOa/BLc6Hc4TTYC1a8Qw/sYnSQKwjVMBDAZrti0+vFQojLJfEAqLQg\nFkPcHBmZ4/+3tEpPdE6pXHkPJQWSi5z6KFEwGoFD6092osb2oSsmahxg3kkHzwUF\nOSEj/X8a7dBGuY8dHomfonISXds7P0nrJ4WfZMKZLUlj62upM5fwPmAXUiUZObbA\n4/2T+j4W/1+pNQyi8piyxsQa/iE33NiYF93wsRp8nSi3D0AkdRwSMlt7/GcCAwEA\nAQKCAgAOncGxJYiDA2pdBdMhiixzf2Tjj9GS1IVn+kg7wyaSzfHtRzrZfAddleGY\nzP1OwbmYGOLf60a+IBw1vBbJIX1oz1BwBUgjdfgrMr8XUfl9/U2n6+oWR1yW8hfL\nN/+bREY3ay9BvrDtKr8QtrubnRhy9xhmlKiQvOwJMWWpznATKFE8gZspAGza5Bn2\nXI9sUtwMBOJLwswohVOHSlT3dbhIbN+Jr30fsPfzQRdwMjcaTxle6Oj3JduQDlx1\nae4MVHF6FVumVw9WUPrici/aDsVgddz+hOl95OffQhrSEc2j3DLYQmgyMXADxvpm\nFe2/1xpbLlkpMxF+mA68e6AGWXJIpEJ1UHWHKwpWYKRry6JLTc9TzKlkA7CKuBQn\nC/xdfce5a8ZVxFMSi1zgqkM7IR/DAhwrTMuecxD9kxcAgVuCaPcO4Oi4rcWlxD80\nfx3Jrj/5mxnyv/scbwmyVctGyKcwY4S9nEfVXX+Te3GbeF62Z/r7KOnp/CKu6UZs\n5BBtj4gz5mg42X/Gu93ZWfKpOPH629hay0d1DONziNFPNUtT2mhuewK4GnQ6OiIn\nE5VLAZUYyexSp7nSyRg1s/cs9/EvjuGgaaoS/PnqboapsLp2B5tVezWKsW12LkA/\nwd8x4oa12Ay7kzmdMrl17VGJxdf/UEG+VuG3XehXeIsM+f10AQKCAQEAwH6Af6jF\n4hsvm5Mt5YL0EJcgwKynITFxhC80cPhFuPC6nB815dzMt+BdvFefPbe6riJ0AGQw\nzb/t+7O4Ltdav8xzQBq7y0a4E7wFBGeeNezy4p7Df9NKRbVP0NTHt/CaVv1KcsLm\nQoXlQCvt0DpeWOHur0Hc+5p2CmSNWpkz1/6OtorQQyB58xDN0FYhrAgTZkvbLT74\nVntCd8ciBMu2ZOTeRsvvWmDSZ2UmaL+h8nRQkG3K376lFexR57z0Y1WuyFII5qd7\ngUaQV0BQOLtx9q7EykJ9HIDJRreFY6q8km6NNnJ/rVbD90BQx9TWkSDeyDTC9fjN\nS+GWNPkVKbziZwKCAQEA7GTalsAGP4lienZNOs+K5GMGKCz+flwn2xg8f093l7a0\njoUyqAYzZZSy/Qew1yqC9NJoeABLgXtRlKff+dXL3dN5J2S++tk0GDMXmx8tTfsh\ni4gidfy0zaj4HbcYlCaqRA4X0/s9DEVxQiKrasrjTcHxvxS3Qs8pUL+FLQNxMxlk\nNhzHIQxY6DNNOWCP2xyKgpzrbioosGYRZgr14Zeqop1dLJEF4n01t2asrA8FbHw6\nYILPKTmeH/JNwttzWp7csLuPlrri02XZPnM1rSvD9eqGGDJOCTVpsy8d6l9LsbVy\ngZ+7PRfo0hm4HMJZIQYcgsecORsp+37l5CzyM3vWAQKCAQBcyFzdq5b+HkZ7QZzc\nxJspp/60gEPqnu9tXGd1kGXi972q5OxQyHWwp6fm0YFC+V009Axf5+sSMVHfgcfk\nZA8s5bojiv87wvGVKYptjhhXO8fy7b2jzk89fGBlczp08bci+OG6oTDlna5bmRD+\nzjONuhEXTrLaX6BH8CGmKrQvh1Z4rD4oLO46972MjweZ6SaYpzWVAIYpAS6Pl19R\nWnOm/B4bl87eDE8+YSX7VWsU93WhuBoScM0X3Rm5jn1pp/IgQlJiAxZnwIBwXeKN\nBeSvl5vpNdUiOP1LZcgYu0I7fqf4N4ZNIcZBVjHZsEBgIazgaXYTo4Io8io5jFnk\nDVQ/AoIBAQC4zXddVq0LyrlkB0wE5+8q8IcFrXcfDahSzbWtyVAzGLA6osKhPIe9\np+vth6+l5iQOhNcKySA+D0wNrNeaFpuTxRj3xPjQXjEtofOYX10pk2P8Eubt2ir2\nhFvDzzm1yCxfm6zhGY32I+uQyk275PSh+zakLOu/nPgtmivgrso2Kml/LCw4F9EB\nZem/K1AK+VsHFOmwa+D3VjPP1E24mLra+a63goBZOY1e3TOsJuoUj2GLxXdyQQru\n6pwD809QztS0jUyJh3x/yyV0fti9knNVsow2Kk17QXhqjjES4oDoYnMsBtV3w1NN\nvLGEOiM3f/GWA7qLokLFy8SpBsIpoWwBAoIBAFNqH+HZomIAEWXHxHCpnxyK962Y\nPvVfSs24YXd9pAvjhDMrWm58GdMfmMMnUyOTLvB5WKua++fwXU8H028vSL3A1hD7\nyRi57l8Yg7Rg7VwpRhszJWeF00nV91iNxztxupcdfbQSxKCV98FfTTKHO0JKL8gs\nFwSrQaD4qJQb7FG3+5XAKMmlZkyRjG/7y2A3VvaMRC1wJszBLvLfFGHG6Q8WKM0a\nYK9nSX2f2FHA/BrN8bjxSF8Fd7yf24cQlIkGfmt21jQYa3dU5ChSKdpFOxv8/eE1\nqitdfcHkH+9PORLm+rd6LoFUeB2TuVjXFQ/5CmGacsPWU3MjN+jnDzNvWrA=\n-----END RSA PRIVATE KEY-----\n",
            "private_key_pem_pkcs8": "-----BEGIN PRIVATE KEY-----\nMIIJQgIBADANBgkqhkiG9w0BAQEFAASCCSwwggkoAgEAAoICAQCxwHQ89WPtX/nw\ntmxf1JSsJdTpX8ZcWkTnnZTVK2MjmvIjrt5yz9LaSxzeD/dv69/5RvhLie+hUTNY\nOr1o2tRz8c7ZXaNm8llEr9/LmyPE2PtzRbBkZcuR6vF6gN7azG70heYbXCR5+aU9\nyxh7KgtPEqOWx/O3Gq/FWlia3lBbm09S1vzw6+YgEDEkLO3AvOTqtwBEpeF4Tbgb\npAtLzUDZn8E53IFcx7DGDAEC4ZyNGNRYFgk385ZxDmsQT/iyWqD4G0E1edU3c9Mg\n+KaoARz9EO7egU6QDTHvRwXBm/FB+cNPuVXeWYH7S/ewlqznexe3074K79WD5ddE\nYCwte9+c5bU1gf+zUFDjXWD0+iIWEposzLByCZveqaodAVqS5pZjyg39CT9Xo3Bp\nR09SkZO4/7FsvSCQ9Xgt2UGvc/ifufWdEh0sgq8sWEELWM5r8EtzodzhNNgLVrxD\nD+xidJArCNUwEMBmu2LT68VCiMsl8QCotCAWQ9wcGZnj/7e0Sk90TqlceQ8lBZKL\nnPooUTAagUPrT3aixvahKyZqHGDeSQfPBQU5ISP9fxrt0Ea5jx0eiZ+ichJd2zs/\nSesnhZ9kwpktSWPra6kzl/A+YBdSJRk5tsDj/ZP6Phb/X6k1DKLymLLGxBr+ITfc\n2JgX3fCxGnydKLcPQCR1HBIyW3v8ZwIDAQABAoICAA6dwbEliIMDal0F0yGKLHN/\nZOOP0ZLUhWf6SDvDJpLN8e1HOtl8B12V4ZjM/U7BuZgY4t/rRr4gHDW8FskhfWjP\nUHAFSCN1+CsyvxdR+X39Tafr6hZHXJbyF8s3/5tERjdrL0G+sO0qvxC2u5udGHL3\nGGaUqJC87AkxZanOcBMoUTyBmykAbNrkGfZcj2xS3AwE4kvCzCiFU4dKVPd1uEhs\n34mvfR+w9/NBF3AyNxpPGV7o6Pcl25AOXHVp7gxUcXoVW6ZXD1ZQ+uJyL9oOxWB1\n3P6E6X3k599CGtIRzaPcMthCaDIxcAPG+mYV7b/XGlsuWSkzEX6YDrx7oAZZckik\nQnVQdYcrClZgpGvLoktNz1PMqWQDsIq4FCcL/F19x7lrxlXEUxKLXOCqQzshH8MC\nHCtMy55zEP2TFwCBW4Jo9w7g6LitxaXEPzR/HcmuP/mbGfK/+xxvCbJVy0bIpzBj\nhL2cR9Vdf5N7cZt4XrZn+vso6en8Iq7pRmzkEG2PiDPmaDjZf8a73dlZ8qk48frb\n2FrLR3UM43OI0U81S1PaaG57ArgadDo6IicTlUsBlRjJ7FKnudLJGDWz9yz38S+O\n4aBpqhL8+epuhqmwunYHm1V7NYqxbXYuQD/B3zHihrXYDLuTOZ0yuXXtUYnF1/9Q\nQb5W4bdd6Fd4iwz5/XQBAoIBAQDAfoB/qMXiGy+bky3lgvQQlyDArKchMXGELzRw\n+EW48LqcHzXl3My34F28V589t7quInQAZDDNv+37s7gu11q/zHNAGrvLRrgTvAUE\nZ5417PLinsN/00pFtU/Q1Me38JpW/UpywuZCheVAK+3QOl5Y4e6vQdz7mnYKZI1a\nmTPX/o62itBDIHnzEM3QViGsCBNmS9stPvhWe0J3xyIEy7Zk5N5Gy+9aYNJnZSZo\nv6HydFCQbcrfvqUV7FHnvPRjVa7IUgjmp3uBRpBXQFA4u3H2rsTKQn0cgMlGt4Vj\nqrySbo02cn+tVsP3QFDH1NaRIN7INML1+M1L4ZY0+RUpvOJnAoIBAQDsZNqWwAY/\niWJ6dk06z4rkYwYoLP5+XCfbGDx/T3eXtrSOhTKoBjNllLL9B7DXKoL00mh4AEuB\ne1GUp9/51cvd03knZL762TQYMxebHy1N+yGLiCJ1/LTNqPgdtxiUJqpEDhfT+z0M\nRXFCIqtqyuNNwfG/FLdCzylQv4UtA3EzGWQ2HMchDFjoM005YI/bHIqCnOtuKiiw\nZhFmCvXhl6qinV0skQXifTW3ZqysDwVsfDpggs8pOZ4f8k3C23Nantywu4+WuuLT\nZdk+czWtK8P16oYYMk4JNWmzLx3qX0uxtXKBn7s9F+jSGbgcwlkhBhyCx5w5Gyn7\nfuXkLPIze9YBAoIBAFzIXN2rlv4eRntBnNzEmymn/rSAQ+qe721cZ3WQZeL3vark\n7FDIdbCnp+bRgUL5XTT0DF/n6xIxUd+Bx+RkDyzluiOK/zvC8ZUpim2OGFc7x/Lt\nvaPOTz18YGVzOnTxtyL44bqhMOWdrluZEP7OM426ERdOstpfoEfwIaYqtC+HVnis\nPigs7jr3vYyPB5npJpinNZUAhikBLo+XX1Fac6b8HhuXzt4MTz5hJftVaxT3daG4\nGhJwzRfdGbmOfWmn8iBCUmIDFmfAgHBd4o0F5K+Xm+k11SI4/UtlyBi7Qjt+p/g3\nhk0hxkFWMdmwQGAhrOBpdhOjgijyKjmMWeQNVD8CggEBALjNd11WrQvKuWQHTATn\n7yrwhwWtdx8NqFLNta3JUDMYsDqiwqE8h72n6+2Hr6XmJA6E1wrJID4PTA2s15oW\nm5PFGPfE+NBeMS2h85hfXSmTY/wS5u3aKvaEW8PPObXILF+brOEZjfYj65DKTbvk\n9KH7NqQs67+c+C2aK+CuyjYqaX8sLDgX0QFl6b8rUAr5WwcU6bBr4PdWM8/UTbiY\nutr5rreCgFk5jV7dM6wm6hSPYYvFd3JBCu7qnAPzT1DO1LSNTImHfH/LJXR+2L2S\nc1WyjDYqTXtBeGqOMRLigOhicywG1XfDU028sYQ6Izd/8ZYDuouiQsXLxKkGwimh\nbAECggEAU2of4dmiYgARZcfEcKmfHIr3rZg+9V9Kzbhhd32kC+OEMytabnwZ0x+Y\nwydTI5Mu8HlYq5r75/BdTwfTby9IvcDWEPvJGLnuXxiDtGDtXClGGzMlZ4XTSdX3\nWI3HO3G6lx19tBLEoJX3wV9NMoc7QkovyCwXBKtBoPiolBvsUbf7lcAoyaVmTJGM\nb/vLYDdW9oxELXAmzMEu8t8UYcbpDxYozRpgr2dJfZ/YUcD8Gs3xuPFIXwV3vJ/b\nhxCUiQZ+a3bWNBhrd1TkKFIp2kU7G/z94TWqK119weQf7085Eub6t3ougVR4HZO5\nWNcVD/kKYZpyw9ZTcyM36OcPM29asA==\n-----END PRIVATE KEY-----\n",
            "public_key_fingerprint_md5": "b0:80:95:9b:1f:ff:bc:ec:78:e0:7b:2a:a4:57:7a:2b",
            "public_key_fingerprint_sha256": "SHA256:wxtsiqhz9IBXXnR5qArEVz3VrakyHHySvq+KONakw7M",
            "public_key_openssh": "ssh-rsa AAAAB3NzaC1yc2EAAAADAQABAAACAQCxwHQ89WPtX/nwtmxf1JSsJdTpX8ZcWkTnnZTVK2MjmvIjrt5yz9LaSxzeD/dv69/5RvhLie+hUTNYOr1o2tRz8c7ZXaNm8llEr9/LmyPE2PtzRbBkZcuR6vF6gN7azG70heYbXCR5+aU9yxh7KgtPEqOWx/O3Gq/FWlia3lBbm09S1vzw6+YgEDEkLO3AvOTqtwBEpeF4TbgbpAtLzUDZn8E53IFcx7DGDAEC4ZyNGNRYFgk385ZxDmsQT/iyWqD4G0E1edU3c9Mg+KaoARz9EO7egU6QDTHvRwXBm/FB+cNPuVXeWYH7S/ewlqznexe3074K79WD5ddEYCwte9+c5bU1gf+zUFDjXWD0+iIWEposzLByCZveqaodAVqS5pZjyg39CT9Xo3BpR09SkZO4/7FsvSCQ9Xgt2UGvc/ifufWdEh0sgq8sWEELWM5r8EtzodzhNNgLVrxDD+xidJArCNUwEMBmu2LT68VCiMsl8QCotCAWQ9wcGZnj/7e0Sk90TqlceQ8lBZKLnPooUTAagUPrT3aixvahKyZqHGDeSQfPBQU5ISP9fxrt0Ea5jx0eiZ+ichJd2zs/SesnhZ9kwpktSWPra6kzl/A+YBdSJRk5tsDj/ZP6Phb/X6k1DKLymLLGxBr+ITfc2JgX3fCxGnydKLcPQCR1HBIyW3v8Zw==\n",
            "public_key_pem": "-----BEGIN PUBLIC KEY-----\nMIICIjANBgkqhkiG9w0BAQEFAAOCAg8AMIICCgKCAgEAscB0PPVj7V/58LZsX9SU\nrCXU6V/GXFpE552U1StjI5ryI67ecs/S2ksc3g/3b+vf+Ub4S4nvoVEzWDq9aNrU\nc/HO2V2jZvJZRK/fy5sjxNj7c0WwZGXLkerxeoDe2sxu9IXmG1wkefmlPcsYeyoL\nTxKjlsfztxqvxVpYmt5QW5tPUtb88OvmIBAxJCztwLzk6rcARKXheE24G6QLS81A\n2Z/BOdyBXMewxgwBAuGcjRjUWBYJN/OWcQ5rEE/4slqg+BtBNXnVN3PTIPimqAEc\n/RDu3oFOkA0x70cFwZvxQfnDT7lV3lmB+0v3sJas53sXt9O+Cu/Vg+XXRGAsLXvf\nnOW1NYH/s1BQ411g9PoiFhKaLMywcgmb3qmqHQFakuaWY8oN/Qk/V6NwaUdPUpGT\nuP+xbL0gkPV4LdlBr3P4n7n1nRIdLIKvLFhBC1jOa/BLc6Hc4TTYC1a8Qw/sYnSQ\nKwjVMBDAZrti0+vFQojLJfEAqLQgFkPcHBmZ4/+3tEpPdE6pXHkPJQWSi5z6KFEw\nGoFD6092osb2oSsmahxg3kkHzwUFOSEj/X8a7dBGuY8dHomfonISXds7P0nrJ4Wf\nZMKZLUlj62upM5fwPmAXUiUZObbA4/2T+j4W/1+pNQyi8piyxsQa/iE33NiYF93w\nsRp8nSi3D0AkdRwSMlt7/GcCAwEAAQ==\n-----END PUBLIC KEY-----\n",
            "rsa_bits": 4096
          },
          "sensitive_attributes": []
        }
      ]
    }
  ],
  "check_results": null
}
